
Microsoft Visual Studio Solution File, Format Version 12.00
# Visual Studio 15
VisualStudioVersion = 15.0.27004.2008
MinimumVisualStudioVersion = 10.0.40219.1
Project("{9A19103F-16F7-4668-BE54-9A1E7A4F7556}") = "MettHub.WebApp", "MettHub.WebApp\MettHub.WebApp.csproj", "{38C3F69E-BD17-4CF5-81FF-947D26F916D7}"
EndProject
Project("{FAE04EC0-301F-11D3-BF4B-00C04F79EFBC}") = "MettHub.Api", "MettHub.Api\MettHub.Api.csproj", "{8A1BBA3D-EABE-479E-B06C-832726FDD3BA}"
EndProject
Global
	GlobalSection(SolutionConfigurationPlatforms) = preSolution
		Debug|Any CPU = Debug|Any CPU
		Release|Any CPU = Release|Any CPU
	EndGlobalSection
	GlobalSection(ProjectConfigurationPlatforms) = postSolution
		{38C3F69E-BD17-4CF5-81FF-947D26F916D7}.Debug|Any CPU.ActiveCfg = Debug|Any CPU
		{38C3F69E-BD17-4CF5-81FF-947D26F916D7}.Debug|Any CPU.Build.0 = Debug|Any CPU
		{38C3F69E-BD17-4CF5-81FF-947D26F916D7}.Release|Any CPU.ActiveCfg = Release|Any CPU
		{38C3F69E-BD17-4CF5-81FF-947D26F916D7}.Release|Any CPU.Build.0 = Release|Any CPU
		{8A1BBA3D-EABE-479E-B06C-832726FDD3BA}.Debug|Any CPU.ActiveCfg = Debug|Any CPU
		{8A1BBA3D-EABE-479E-B06C-832726FDD3BA}.Debug|Any CPU.Build.0 = Debug|Any CPU
		{8A1BBA3D-EABE-479E-B06C-832726FDD3BA}.Release|Any CPU.ActiveCfg = Release|Any CPU
		{8A1BBA3D-EABE-479E-B06C-832726FDD3BA}.Release|Any CPU.Build.0 = Release|Any CPU
	EndGlobalSection
	GlobalSection(SolutionProperties) = preSolution
		HideSolutionNode = FALSE
	EndGlobalSection
	GlobalSection(ExtensibilityGlobals) = postSolution
		SolutionGuid = {988C6FAE-C39F-482C-B9C2-E23AD748CF99}
	EndGlobalSection
EndGlobal
